
Microsoft Visual Studio Solution File, Format Version 12.00
# Visual Studio Version 16
VisualStudioVersion = 16.0.30621.155
MinimumVisualStudioVersion = 10.0.40219.1
Project("{FAE04EC0-301F-11D3-BF4B-00C04F79EFBC}") = "Huffmanovo kódování", "Huffmanovo kódování\Huffmanovo kódování.csproj", "{9954B592-7137-47EE-9105-9DDE0886EF32}"
EndProject
Project("{FAE04EC0-301F-11D3-BF4B-00C04F79EFBC}") = "Huffmanovo kódování testy", "Huffmanovo kódování testy\Huffmanovo kódování testy.csproj", "{261693C1-4A81-4AF8-976A-0D4B77DDE6AD}"
EndProject
Global
	GlobalSection(SolutionConfigurationPlatforms) = preSolution
		Debug|Any CPU = Debug|Any CPU
		Release|Any CPU = Release|Any CPU
	EndGlobalSection
	GlobalSection(ProjectConfigurationPlatforms) = postSolution
		{9954B592-7137-47EE-9105-9DDE0886EF32}.Debug|Any CPU.ActiveCfg = Debug|Any CPU
		{9954B592-7137-47EE-9105-9DDE0886EF32}.Debug|Any CPU.Build.0 = Debug|Any CPU
		{9954B592-7137-47EE-9105-9DDE0886EF32}.Release|Any CPU.ActiveCfg = Release|Any CPU
		{9954B592-7137-47EE-9105-9DDE0886EF32}.Release|Any CPU.Build.0 = Release|Any CPU
		{261693C1-4A81-4AF8-976A-0D4B77DDE6AD}.Debug|Any CPU.ActiveCfg = Debug|Any CPU
		{261693C1-4A81-4AF8-976A-0D4B77DDE6AD}.Debug|Any CPU.Build.0 = Debug|Any CPU
		{261693C1-4A81-4AF8-976A-0D4B77DDE6AD}.Release|Any CPU.ActiveCfg = Release|Any CPU
		{261693C1-4A81-4AF8-976A-0D4B77DDE6AD}.Release|Any CPU.Build.0 = Release|Any CPU
	EndGlobalSection
	GlobalSection(SolutionProperties) = preSolution
		HideSolutionNode = FALSE
	EndGlobalSection
	GlobalSection(ExtensibilityGlobals) = postSolution
		SolutionGuid = {A7D42BFA-CE8E-4630-A542-943E4C69126A}
	EndGlobalSection
EndGlobal
