
Microsoft Visual Studio Solution File, Format Version 12.00
# Visual Studio Version 16
VisualStudioVersion = 16.0.30711.63
MinimumVisualStudioVersion = 10.0.40219.1
Project("{FAE04EC0-301F-11D3-BF4B-00C04F79EFBC}") = "ExprSolver", "ExprSolver\ExprSolver.csproj", "{89669B5B-AD23-4DD9-87E4-5C5FBD12437A}"
EndProject
Global
	GlobalSection(SolutionConfigurationPlatforms) = preSolution
		Debug|Any CPU = Debug|Any CPU
		Release|Any CPU = Release|Any CPU
	EndGlobalSection
	GlobalSection(ProjectConfigurationPlatforms) = postSolution
		{89669B5B-AD23-4DD9-87E4-5C5FBD12437A}.Debug|Any CPU.ActiveCfg = Debug|Any CPU
		{89669B5B-AD23-4DD9-87E4-5C5FBD12437A}.Debug|Any CPU.Build.0 = Debug|Any CPU
		{89669B5B-AD23-4DD9-87E4-5C5FBD12437A}.Release|Any CPU.ActiveCfg = Release|Any CPU
		{89669B5B-AD23-4DD9-87E4-5C5FBD12437A}.Release|Any CPU.Build.0 = Release|Any CPU
	EndGlobalSection
	GlobalSection(SolutionProperties) = preSolution
		HideSolutionNode = FALSE
	EndGlobalSection
	GlobalSection(ExtensibilityGlobals) = postSolution
		SolutionGuid = {F6A974F0-8343-4A08-B9A9-79F4F1F9F884}
	EndGlobalSection
EndGlobal
